
Microsoft Visual Studio Solution File, Format Version 12.00
# Visual Studio 15
VisualStudioVersion = 15.0.27703.2042
MinimumVisualStudioVersion = 10.0.40219.1
Project("{FAE04EC0-301F-11D3-BF4B-00C04F79EFBC}") = "DemoViews2.Android", "DemoViews2\DemoViews2.Android\DemoViews2.Android.csproj", "{F8BF6246-A23A-4DED-9055-34696331277D}"
EndProject
Project("{FAE04EC0-301F-11D3-BF4B-00C04F79EFBC}") = "DemoViews2.iOS", "DemoViews2\DemoViews2.iOS\DemoViews2.iOS.csproj", "{3012C041-9B0D-4C9F-BA2B-C2D33BB506AF}"
EndProject
Project("{FAE04EC0-301F-11D3-BF4B-00C04F79EFBC}") = "DemoViews2", "DemoViews2\DemoViews2\DemoViews2.csproj", "{86796ABE-F314-48C2-8447-AAECCEF9939F}"
EndProject
Global
	GlobalSection(SolutionConfigurationPlatforms) = preSolution
		Ad-Hoc|Any CPU = Ad-Hoc|Any CPU
		Ad-Hoc|iPhone = Ad-Hoc|iPhone
		Ad-Hoc|iPhoneSimulator = Ad-Hoc|iPhoneSimulator
		AppStore|Any CPU = AppStore|Any CPU
		AppStore|iPhone = AppStore|iPhone
		AppStore|iPhoneSimulator = AppStore|iPhoneSimulator
		Debug|Any CPU = Debug|Any CPU
		Debug|iPhone = Debug|iPhone
		Debug|iPhoneSimulator = Debug|iPhoneSimulator
		Release|Any CPU = Release|Any CPU
		Release|iPhone = Release|iPhone
		Release|iPhoneSimulator = Release|iPhoneSimulator
	EndGlobalSection
	GlobalSection(ProjectConfigurationPlatforms) = postSolution
		{F8BF6246-A23A-4DED-9055-34696331277D}.Ad-Hoc|Any CPU.ActiveCfg = Release|Any CPU
		{F8BF6246-A23A-4DED-9055-34696331277D}.Ad-Hoc|Any CPU.Build.0 = Release|Any CPU
		{F8BF6246-A23A-4DED-9055-34696331277D}.Ad-Hoc|Any CPU.Deploy.0 = Release|Any CPU
		{F8BF6246-A23A-4DED-9055-34696331277D}.Ad-Hoc|iPhone.ActiveCfg = Release|Any CPU
		{F8BF6246-A23A-4DED-9055-34696331277D}.Ad-Hoc|iPhone.Build.0 = Release|Any CPU
		{F8BF6246-A23A-4DED-9055-34696331277D}.Ad-Hoc|iPhone.Deploy.0 = Release|Any CPU
		{F8BF6246-A23A-4DED-9055-34696331277D}.Ad-Hoc|iPhoneSimulator.ActiveCfg = Release|Any CPU
		{F8BF6246-A23A-4DED-9055-34696331277D}.Ad-Hoc|iPhoneSimulator.Build.0 = Release|Any CPU
		{F8BF6246-A23A-4DED-9055-34696331277D}.Ad-Hoc|iPhoneSimulator.Deploy.0 = Release|Any CPU
		{F8BF6246-A23A-4DED-9055-34696331277D}.AppStore|Any CPU.ActiveCfg = Release|Any CPU
		{F8BF6246-A23A-4DED-9055-34696331277D}.AppStore|Any CPU.Build.0 = Release|Any CPU
		{F8BF6246-A23A-4DED-9055-34696331277D}.AppStore|Any CPU.Deploy.0 = Release|Any CPU
		{F8BF6246-A23A-4DED-9055-34696331277D}.AppStore|iPhone.ActiveCfg = Release|Any CPU
		{F8BF6246-A23A-4DED-9055-34696331277D}.AppStore|iPhone.Build.0 = Release|Any CPU
		{F8BF6246-A23A-4DED-9055-34696331277D}.AppStore|iPhone.Deploy.0 = Release|Any CPU
		{F8BF6246-A23A-4DED-9055-34696331277D}.AppStore|iPhoneSimulator.ActiveCfg = Release|Any CPU
		{F8BF6246-A23A-4DED-9055-34696331277D}.AppStore|iPhoneSimulator.Build.0 = Release|Any CPU
		{F8BF6246-A23A-4DED-9055-34696331277D}.AppStore|iPhoneSimulator.Deploy.0 = Release|Any CPU
		{F8BF6246-A23A-4DED-9055-34696331277D}.Debug|Any CPU.ActiveCfg = Debug|Any CPU
		{F8BF6246-A23A-4DED-9055-34696331277D}.Debug|Any CPU.Build.0 = Debug|Any CPU
		{F8BF6246-A23A-4DED-9055-34696331277D}.Debug|Any CPU.Deploy.0 = Debug|Any CPU
		{F8BF6246-A23A-4DED-9055-34696331277D}.Debug|iPhone.ActiveCfg = Debug|Any CPU
		{F8BF6246-A23A-4DED-9055-34696331277D}.Debug|iPhone.Build.0 = Debug|Any CPU
		{F8BF6246-A23A-4DED-9055-34696331277D}.Debug|iPhone.Deploy.0 = Debug|Any CPU
		{F8BF6246-A23A-4DED-9055-34696331277D}.Debug|iPhoneSimulator.ActiveCfg = Debug|Any CPU
		{F8BF6246-A23A-4DED-9055-34696331277D}.Debug|iPhoneSimulator.Build.0 = Debug|Any CPU
		{F8BF6246-A23A-4DED-9055-34696331277D}.Debug|iPhoneSimulator.Deploy.0 = Debug|Any CPU
		{F8BF6246-A23A-4DED-9055-34696331277D}.Release|Any CPU.ActiveCfg = Release|Any CPU
		{F8BF6246-A23A-4DED-9055-34696331277D}.Release|Any CPU.Build.0 = Release|Any CPU
		{F8BF6246-A23A-4DED-9055-34696331277D}.Release|Any CPU.Deploy.0 = Release|Any CPU
		{F8BF6246-A23A-4DED-9055-34696331277D}.Release|iPhone.ActiveCfg = Release|Any CPU
		{F8BF6246-A23A-4DED-9055-34696331277D}.Release|iPhone.Build.0 = Release|Any CPU
		{F8BF6246-A23A-4DED-9055-34696331277D}.Release|iPhone.Deploy.0 = Release|Any CPU
		{F8BF6246-A23A-4DED-9055-34696331277D}.Release|iPhoneSimulator.ActiveCfg = Release|Any CPU
		{F8BF6246-A23A-4DED-9055-34696331277D}.Release|iPhoneSimulator.Build.0 = Release|Any CPU
		{F8BF6246-A23A-4DED-9055-34696331277D}.Release|iPhoneSimulator.Deploy.0 = Release|Any CPU
		{3012C041-9B0D-4C9F-BA2B-C2D33BB506AF}.Ad-Hoc|Any CPU.ActiveCfg = Ad-Hoc|iPhone
		{3012C041-9B0D-4C9F-BA2B-C2D33BB506AF}.Ad-Hoc|Any CPU.Build.0 = Ad-Hoc|iPhone
		{3012C041-9B0D-4C9F-BA2B-C2D33BB506AF}.Ad-Hoc|Any CPU.Deploy.0 = Ad-Hoc|iPhone
		{3012C041-9B0D-4C9F-BA2B-C2D33BB506AF}.Ad-Hoc|iPhone.ActiveCfg = Ad-Hoc|iPhone
		{3012C041-9B0D-4C9F-BA2B-C2D33BB506AF}.Ad-Hoc|iPhone.Build.0 = Ad-Hoc|iPhone
		{3012C041-9B0D-4C9F-BA2B-C2D33BB506AF}.Ad-Hoc|iPhone.Deploy.0 = Ad-Hoc|iPhone
		{3012C041-9B0D-4C9F-BA2B-C2D33BB506AF}.Ad-Hoc|iPhoneSimulator.ActiveCfg = Ad-Hoc|iPhoneSimulator
		{3012C041-9B0D-4C9F-BA2B-C2D33BB506AF}.Ad-Hoc|iPhoneSimulator.Build.0 = Ad-Hoc|iPhoneSimulator
		{3012C041-9B0D-4C9F-BA2B-C2D33BB506AF}.Ad-Hoc|iPhoneSimulator.Deploy.0 = Ad-Hoc|iPhoneSimulator
		{3012C041-9B0D-4C9F-BA2B-C2D33BB506AF}.AppStore|Any CPU.ActiveCfg = AppStore|iPhone
		{3012C041-9B0D-4C9F-BA2B-C2D33BB506AF}.AppStore|Any CPU.Build.0 = AppStore|iPhone
		{3012C041-9B0D-4C9F-BA2B-C2D33BB506AF}.AppStore|Any CPU.Deploy.0 = AppStore|iPhone
		{3012C041-9B0D-4C9F-BA2B-C2D33BB506AF}.AppStore|iPhone.ActiveCfg = AppStore|iPhone
		{3012C041-9B0D-4C9F-BA2B-C2D33BB506AF}.AppStore|iPhone.Build.0 = AppStore|iPhone
		{3012C041-9B0D-4C9F-BA2B-C2D33BB506AF}.AppStore|iPhone.Deploy.0 = AppStore|iPhone
		{3012C041-9B0D-4C9F-BA2B-C2D33BB506AF}.AppStore|iPhoneSimulator.ActiveCfg = AppStore|iPhoneSimulator
		{3012C041-9B0D-4C9F-BA2B-C2D33BB506AF}.AppStore|iPhoneSimulator.Build.0 = AppStore|iPhoneSimulator
		{3012C041-9B0D-4C9F-BA2B-C2D33BB506AF}.AppStore|iPhoneSimulator.Deploy.0 = AppStore|iPhoneSimulator
		{3012C041-9B0D-4C9F-BA2B-C2D33BB506AF}.Debug|Any CPU.ActiveCfg = Debug|iPhoneSimulator
		{3012C041-9B0D-4C9F-BA2B-C2D33BB506AF}.Debug|Any CPU.Build.0 = Debug|iPhoneSimulator
		{3012C041-9B0D-4C9F-BA2B-C2D33BB506AF}.Debug|Any CPU.Deploy.0 = Debug|iPhoneSimulator
		{3012C041-9B0D-4C9F-BA2B-C2D33BB506AF}.Debug|iPhone.ActiveCfg = Debug|iPhone
		{3012C041-9B0D-4C9F-BA2B-C2D33BB506AF}.Debug|iPhone.Build.0 = Debug|iPhone
		{3012C041-9B0D-4C9F-BA2B-C2D33BB506AF}.Debug|iPhone.Deploy.0 = Debug|iPhone
		{3012C041-9B0D-4C9F-BA2B-C2D33BB506AF}.Debug|iPhoneSimulator.ActiveCfg = Debug|iPhoneSimulator
		{3012C041-9B0D-4C9F-BA2B-C2D33BB506AF}.Debug|iPhoneSimulator.Build.0 = Debug|iPhoneSimulator
		{3012C041-9B0D-4C9F-BA2B-C2D33BB506AF}.Debug|iPhoneSimulator.Deploy.0 = Debug|iPhoneSimulator
		{3012C041-9B0D-4C9F-BA2B-C2D33BB506AF}.Release|Any CPU.ActiveCfg = Release|iPhone
		{3012C041-9B0D-4C9F-BA2B-C2D33BB506AF}.Release|Any CPU.Build.0 = Release|iPhone
		{3012C041-9B0D-4C9F-BA2B-C2D33BB506AF}.Release|Any CPU.Deploy.0 = Release|iPhone
		{3012C041-9B0D-4C9F-BA2B-C2D33BB506AF}.Release|iPhone.ActiveCfg = Release|iPhone
		{3012C041-9B0D-4C9F-BA2B-C2D33BB506AF}.Release|iPhone.Build.0 = Release|iPhone
		{3012C041-9B0D-4C9F-BA2B-C2D33BB506AF}.Release|iPhone.Deploy.0 = Release|iPhone
		{3012C041-9B0D-4C9F-BA2B-C2D33BB506AF}.Release|iPhoneSimulator.ActiveCfg = Release|iPhoneSimulator
		{3012C041-9B0D-4C9F-BA2B-C2D33BB506AF}.Release|iPhoneSimulator.Build.0 = Release|iPhoneSimulator
		{3012C041-9B0D-4C9F-BA2B-C2D33BB506AF}.Release|iPhoneSimulator.Deploy.0 = Release|iPhoneSimulator
		{86796ABE-F314-48C2-8447-AAECCEF9939F}.Ad-Hoc|Any CPU.ActiveCfg = Debug|Any CPU
		{86796ABE-F314-48C2-8447-AAECCEF9939F}.Ad-Hoc|Any CPU.Build.0 = Debug|Any CPU
		{86796ABE-F314-48C2-8447-AAECCEF9939F}.Ad-Hoc|Any CPU.Deploy.0 = Debug|Any CPU
		{86796ABE-F314-48C2-8447-AAECCEF9939F}.Ad-Hoc|iPhone.ActiveCfg = Debug|Any CPU
		{86796ABE-F314-48C2-8447-AAECCEF9939F}.Ad-Hoc|iPhone.Build.0 = Debug|Any CPU
		{86796ABE-F314-48C2-8447-AAECCEF9939F}.Ad-Hoc|iPhone.Deploy.0 = Debug|Any CPU
		{86796ABE-F314-48C2-8447-AAECCEF9939F}.Ad-Hoc|iPhoneSimulator.ActiveCfg = Debug|Any CPU
		{86796ABE-F314-48C2-8447-AAECCEF9939F}.Ad-Hoc|iPhoneSimulator.Build.0 = Debug|Any CPU
		{86796ABE-F314-48C2-8447-AAECCEF9939F}.Ad-Hoc|iPhoneSimulator.Deploy.0 = Debug|Any CPU
		{86796ABE-F314-48C2-8447-AAECCEF9939F}.AppStore|Any CPU.ActiveCfg = Debug|Any CPU
		{86796ABE-F314-48C2-8447-AAECCEF9939F}.AppStore|Any CPU.Build.0 = Debug|Any CPU
		{86796ABE-F314-48C2-8447-AAECCEF9939F}.AppStore|Any CPU.Deploy.0 = Debug|Any CPU
		{86796ABE-F314-48C2-8447-AAECCEF9939F}.AppStore|iPhone.ActiveCfg = Debug|Any CPU
		{86796ABE-F314-48C2-8447-AAECCEF9939F}.AppStore|iPhone.Build.0 = Debug|Any CPU
		{86796ABE-F314-48C2-8447-AAECCEF9939F}.AppStore|iPhone.Deploy.0 = Debug|Any CPU
		{86796ABE-F314-48C2-8447-AAECCEF9939F}.AppStore|iPhoneSimulator.ActiveCfg = Debug|Any CPU
		{86796ABE-F314-48C2-8447-AAECCEF9939F}.AppStore|iPhoneSimulator.Build.0 = Debug|Any CPU
		{86796ABE-F314-48C2-8447-AAECCEF9939F}.AppStore|iPhoneSimulator.Deploy.0 = Debug|Any CPU
		{86796ABE-F314-48C2-8447-AAECCEF9939F}.Debug|Any CPU.ActiveCfg = Debug|Any CPU
		{86796ABE-F314-48C2-8447-AAECCEF9939F}.Debug|Any CPU.Build.0 = Debug|Any CPU
		{86796ABE-F314-48C2-8447-AAECCEF9939F}.Debug|Any CPU.Deploy.0 = Debug|Any CPU
		{86796ABE-F314-48C2-8447-AAECCEF9939F}.Debug|iPhone.ActiveCfg = Debug|Any CPU
		{86796ABE-F314-48C2-8447-AAECCEF9939F}.Debug|iPhone.Build.0 = Debug|Any CPU
		{86796ABE-F314-48C2-8447-AAECCEF9939F}.Debug|iPhone.Deploy.0 = Debug|Any CPU
		{86796ABE-F314-48C2-8447-AAECCEF9939F}.Debug|iPhoneSimulator.ActiveCfg = Debug|Any CPU
		{86796ABE-F314-48C2-8447-AAECCEF9939F}.Debug|iPhoneSimulator.Build.0 = Debug|Any CPU
		{86796ABE-F314-48C2-8447-AAECCEF9939F}.Debug|iPhoneSimulator.Deploy.0 = Debug|Any CPU
		{86796ABE-F314-48C2-8447-AAECCEF9939F}.Release|Any CPU.ActiveCfg = Release|Any CPU
		{86796ABE-F314-48C2-8447-AAECCEF9939F}.Release|Any CPU.Build.0 = Release|Any CPU
		{86796ABE-F314-48C2-8447-AAECCEF9939F}.Release|Any CPU.Deploy.0 = Release|Any CPU
		{86796ABE-F314-48C2-8447-AAECCEF9939F}.Release|iPhone.ActiveCfg = Release|Any CPU
		{86796ABE-F314-48C2-8447-AAECCEF9939F}.Release|iPhone.Build.0 = Release|Any CPU
		{86796ABE-F314-48C2-8447-AAECCEF9939F}.Release|iPhone.Deploy.0 = Release|Any CPU
		{86796ABE-F314-48C2-8447-AAECCEF9939F}.Release|iPhoneSimulator.ActiveCfg = Release|Any CPU
		{86796ABE-F314-48C2-8447-AAECCEF9939F}.Release|iPhoneSimulator.Build.0 = Release|Any CPU
		{86796ABE-F314-48C2-8447-AAECCEF9939F}.Release|iPhoneSimulator.Deploy.0 = Release|Any CPU
	EndGlobalSection
	GlobalSection(SolutionProperties) = preSolution
		HideSolutionNode = FALSE
	EndGlobalSection
	GlobalSection(ExtensibilityGlobals) = postSolution
		SolutionGuid = {CCC72384-424B-42B2-BDEC-174459A82947}
	EndGlobalSection
EndGlobal
