
Microsoft Visual Studio Solution File, Format Version 12.00
# Visual Studio 15
VisualStudioVersion = 15.0.27703.2042
MinimumVisualStudioVersion = 10.0.40219.1
Project("{FAE04EC0-301F-11D3-BF4B-00C04F79EFBC}") = "Demoviews2.Android", "Demoviews2\Demoviews2.Android\Demoviews2.Android.csproj", "{B9FA1B57-8CEF-414C-A1C6-A6B68AF7B2F1}"
EndProject
Project("{FAE04EC0-301F-11D3-BF4B-00C04F79EFBC}") = "Demoviews2.iOS", "Demoviews2\Demoviews2.iOS\Demoviews2.iOS.csproj", "{3B504938-32D0-4269-8D94-FAA502DD222D}"
EndProject
Project("{FAE04EC0-301F-11D3-BF4B-00C04F79EFBC}") = "Demoviews2", "Demoviews2\Demoviews2\Demoviews2.csproj", "{B7E336EE-F915-4C03-9C5E-37F85A87B144}"
EndProject
Global
	GlobalSection(SolutionConfigurationPlatforms) = preSolution
		Ad-Hoc|Any CPU = Ad-Hoc|Any CPU
		Ad-Hoc|iPhone = Ad-Hoc|iPhone
		Ad-Hoc|iPhoneSimulator = Ad-Hoc|iPhoneSimulator
		AppStore|Any CPU = AppStore|Any CPU
		AppStore|iPhone = AppStore|iPhone
		AppStore|iPhoneSimulator = AppStore|iPhoneSimulator
		Debug|Any CPU = Debug|Any CPU
		Debug|iPhone = Debug|iPhone
		Debug|iPhoneSimulator = Debug|iPhoneSimulator
		Release|Any CPU = Release|Any CPU
		Release|iPhone = Release|iPhone
		Release|iPhoneSimulator = Release|iPhoneSimulator
	EndGlobalSection
	GlobalSection(ProjectConfigurationPlatforms) = postSolution
		{B9FA1B57-8CEF-414C-A1C6-A6B68AF7B2F1}.Ad-Hoc|Any CPU.ActiveCfg = Release|Any CPU
		{B9FA1B57-8CEF-414C-A1C6-A6B68AF7B2F1}.Ad-Hoc|Any CPU.Build.0 = Release|Any CPU
		{B9FA1B57-8CEF-414C-A1C6-A6B68AF7B2F1}.Ad-Hoc|Any CPU.Deploy.0 = Release|Any CPU
		{B9FA1B57-8CEF-414C-A1C6-A6B68AF7B2F1}.Ad-Hoc|iPhone.ActiveCfg = Release|Any CPU
		{B9FA1B57-8CEF-414C-A1C6-A6B68AF7B2F1}.Ad-Hoc|iPhone.Build.0 = Release|Any CPU
		{B9FA1B57-8CEF-414C-A1C6-A6B68AF7B2F1}.Ad-Hoc|iPhone.Deploy.0 = Release|Any CPU
		{B9FA1B57-8CEF-414C-A1C6-A6B68AF7B2F1}.Ad-Hoc|iPhoneSimulator.ActiveCfg = Release|Any CPU
		{B9FA1B57-8CEF-414C-A1C6-A6B68AF7B2F1}.Ad-Hoc|iPhoneSimulator.Build.0 = Release|Any CPU
		{B9FA1B57-8CEF-414C-A1C6-A6B68AF7B2F1}.Ad-Hoc|iPhoneSimulator.Deploy.0 = Release|Any CPU
		{B9FA1B57-8CEF-414C-A1C6-A6B68AF7B2F1}.AppStore|Any CPU.ActiveCfg = Release|Any CPU
		{B9FA1B57-8CEF-414C-A1C6-A6B68AF7B2F1}.AppStore|Any CPU.Build.0 = Release|Any CPU
		{B9FA1B57-8CEF-414C-A1C6-A6B68AF7B2F1}.AppStore|Any CPU.Deploy.0 = Release|Any CPU
		{B9FA1B57-8CEF-414C-A1C6-A6B68AF7B2F1}.AppStore|iPhone.ActiveCfg = Release|Any CPU
		{B9FA1B57-8CEF-414C-A1C6-A6B68AF7B2F1}.AppStore|iPhone.Build.0 = Release|Any CPU
		{B9FA1B57-8CEF-414C-A1C6-A6B68AF7B2F1}.AppStore|iPhone.Deploy.0 = Release|Any CPU
		{B9FA1B57-8CEF-414C-A1C6-A6B68AF7B2F1}.AppStore|iPhoneSimulator.ActiveCfg = Release|Any CPU
		{B9FA1B57-8CEF-414C-A1C6-A6B68AF7B2F1}.AppStore|iPhoneSimulator.Build.0 = Release|Any CPU
		{B9FA1B57-8CEF-414C-A1C6-A6B68AF7B2F1}.AppStore|iPhoneSimulator.Deploy.0 = Release|Any CPU
		{B9FA1B57-8CEF-414C-A1C6-A6B68AF7B2F1}.Debug|Any CPU.ActiveCfg = Debug|Any CPU
		{B9FA1B57-8CEF-414C-A1C6-A6B68AF7B2F1}.Debug|Any CPU.Build.0 = Debug|Any CPU
		{B9FA1B57-8CEF-414C-A1C6-A6B68AF7B2F1}.Debug|Any CPU.Deploy.0 = Debug|Any CPU
		{B9FA1B57-8CEF-414C-A1C6-A6B68AF7B2F1}.Debug|iPhone.ActiveCfg = Debug|Any CPU
		{B9FA1B57-8CEF-414C-A1C6-A6B68AF7B2F1}.Debug|iPhone.Build.0 = Debug|Any CPU
		{B9FA1B57-8CEF-414C-A1C6-A6B68AF7B2F1}.Debug|iPhone.Deploy.0 = Debug|Any CPU
		{B9FA1B57-8CEF-414C-A1C6-A6B68AF7B2F1}.Debug|iPhoneSimulator.ActiveCfg = Debug|Any CPU
		{B9FA1B57-8CEF-414C-A1C6-A6B68AF7B2F1}.Debug|iPhoneSimulator.Build.0 = Debug|Any CPU
		{B9FA1B57-8CEF-414C-A1C6-A6B68AF7B2F1}.Debug|iPhoneSimulator.Deploy.0 = Debug|Any CPU
		{B9FA1B57-8CEF-414C-A1C6-A6B68AF7B2F1}.Release|Any CPU.ActiveCfg = Release|Any CPU
		{B9FA1B57-8CEF-414C-A1C6-A6B68AF7B2F1}.Release|Any CPU.Build.0 = Release|Any CPU
		{B9FA1B57-8CEF-414C-A1C6-A6B68AF7B2F1}.Release|Any CPU.Deploy.0 = Release|Any CPU
		{B9FA1B57-8CEF-414C-A1C6-A6B68AF7B2F1}.Release|iPhone.ActiveCfg = Release|Any CPU
		{B9FA1B57-8CEF-414C-A1C6-A6B68AF7B2F1}.Release|iPhone.Build.0 = Release|Any CPU
		{B9FA1B57-8CEF-414C-A1C6-A6B68AF7B2F1}.Release|iPhone.Deploy.0 = Release|Any CPU
		{B9FA1B57-8CEF-414C-A1C6-A6B68AF7B2F1}.Release|iPhoneSimulator.ActiveCfg = Release|Any CPU
		{B9FA1B57-8CEF-414C-A1C6-A6B68AF7B2F1}.Release|iPhoneSimulator.Build.0 = Release|Any CPU
		{B9FA1B57-8CEF-414C-A1C6-A6B68AF7B2F1}.Release|iPhoneSimulator.Deploy.0 = Release|Any CPU
		{3B504938-32D0-4269-8D94-FAA502DD222D}.Ad-Hoc|Any CPU.ActiveCfg = Ad-Hoc|iPhone
		{3B504938-32D0-4269-8D94-FAA502DD222D}.Ad-Hoc|Any CPU.Build.0 = Ad-Hoc|iPhone
		{3B504938-32D0-4269-8D94-FAA502DD222D}.Ad-Hoc|Any CPU.Deploy.0 = Ad-Hoc|iPhone
		{3B504938-32D0-4269-8D94-FAA502DD222D}.Ad-Hoc|iPhone.ActiveCfg = Ad-Hoc|iPhone
		{3B504938-32D0-4269-8D94-FAA502DD222D}.Ad-Hoc|iPhone.Build.0 = Ad-Hoc|iPhone
		{3B504938-32D0-4269-8D94-FAA502DD222D}.Ad-Hoc|iPhone.Deploy.0 = Ad-Hoc|iPhone
		{3B504938-32D0-4269-8D94-FAA502DD222D}.Ad-Hoc|iPhoneSimulator.ActiveCfg = Ad-Hoc|iPhoneSimulator
		{3B504938-32D0-4269-8D94-FAA502DD222D}.Ad-Hoc|iPhoneSimulator.Build.0 = Ad-Hoc|iPhoneSimulator
		{3B504938-32D0-4269-8D94-FAA502DD222D}.Ad-Hoc|iPhoneSimulator.Deploy.0 = Ad-Hoc|iPhoneSimulator
		{3B504938-32D0-4269-8D94-FAA502DD222D}.AppStore|Any CPU.ActiveCfg = AppStore|iPhone
		{3B504938-32D0-4269-8D94-FAA502DD222D}.AppStore|Any CPU.Build.0 = AppStore|iPhone
		{3B504938-32D0-4269-8D94-FAA502DD222D}.AppStore|Any CPU.Deploy.0 = AppStore|iPhone
		{3B504938-32D0-4269-8D94-FAA502DD222D}.AppStore|iPhone.ActiveCfg = AppStore|iPhone
		{3B504938-32D0-4269-8D94-FAA502DD222D}.AppStore|iPhone.Build.0 = AppStore|iPhone
		{3B504938-32D0-4269-8D94-FAA502DD222D}.AppStore|iPhone.Deploy.0 = AppStore|iPhone
		{3B504938-32D0-4269-8D94-FAA502DD222D}.AppStore|iPhoneSimulator.ActiveCfg = AppStore|iPhoneSimulator
		{3B504938-32D0-4269-8D94-FAA502DD222D}.AppStore|iPhoneSimulator.Build.0 = AppStore|iPhoneSimulator
		{3B504938-32D0-4269-8D94-FAA502DD222D}.AppStore|iPhoneSimulator.Deploy.0 = AppStore|iPhoneSimulator
		{3B504938-32D0-4269-8D94-FAA502DD222D}.Debug|Any CPU.ActiveCfg = Debug|iPhoneSimulator
		{3B504938-32D0-4269-8D94-FAA502DD222D}.Debug|Any CPU.Build.0 = Debug|iPhoneSimulator
		{3B504938-32D0-4269-8D94-FAA502DD222D}.Debug|Any CPU.Deploy.0 = Debug|iPhoneSimulator
		{3B504938-32D0-4269-8D94-FAA502DD222D}.Debug|iPhone.ActiveCfg = Debug|iPhone
		{3B504938-32D0-4269-8D94-FAA502DD222D}.Debug|iPhone.Build.0 = Debug|iPhone
		{3B504938-32D0-4269-8D94-FAA502DD222D}.Debug|iPhone.Deploy.0 = Debug|iPhone
		{3B504938-32D0-4269-8D94-FAA502DD222D}.Debug|iPhoneSimulator.ActiveCfg = Debug|iPhoneSimulator
		{3B504938-32D0-4269-8D94-FAA502DD222D}.Debug|iPhoneSimulator.Build.0 = Debug|iPhoneSimulator
		{3B504938-32D0-4269-8D94-FAA502DD222D}.Debug|iPhoneSimulator.Deploy.0 = Debug|iPhoneSimulator
		{3B504938-32D0-4269-8D94-FAA502DD222D}.Release|Any CPU.ActiveCfg = Release|iPhone
		{3B504938-32D0-4269-8D94-FAA502DD222D}.Release|Any CPU.Build.0 = Release|iPhone
		{3B504938-32D0-4269-8D94-FAA502DD222D}.Release|Any CPU.Deploy.0 = Release|iPhone
		{3B504938-32D0-4269-8D94-FAA502DD222D}.Release|iPhone.ActiveCfg = Release|iPhone
		{3B504938-32D0-4269-8D94-FAA502DD222D}.Release|iPhone.Build.0 = Release|iPhone
		{3B504938-32D0-4269-8D94-FAA502DD222D}.Release|iPhone.Deploy.0 = Release|iPhone
		{3B504938-32D0-4269-8D94-FAA502DD222D}.Release|iPhoneSimulator.ActiveCfg = Release|iPhoneSimulator
		{3B504938-32D0-4269-8D94-FAA502DD222D}.Release|iPhoneSimulator.Build.0 = Release|iPhoneSimulator
		{3B504938-32D0-4269-8D94-FAA502DD222D}.Release|iPhoneSimulator.Deploy.0 = Release|iPhoneSimulator
		{B7E336EE-F915-4C03-9C5E-37F85A87B144}.Ad-Hoc|Any CPU.ActiveCfg = Debug|Any CPU
		{B7E336EE-F915-4C03-9C5E-37F85A87B144}.Ad-Hoc|Any CPU.Build.0 = Debug|Any CPU
		{B7E336EE-F915-4C03-9C5E-37F85A87B144}.Ad-Hoc|Any CPU.Deploy.0 = Debug|Any CPU
		{B7E336EE-F915-4C03-9C5E-37F85A87B144}.Ad-Hoc|iPhone.ActiveCfg = Debug|Any CPU
		{B7E336EE-F915-4C03-9C5E-37F85A87B144}.Ad-Hoc|iPhone.Build.0 = Debug|Any CPU
		{B7E336EE-F915-4C03-9C5E-37F85A87B144}.Ad-Hoc|iPhone.Deploy.0 = Debug|Any CPU
		{B7E336EE-F915-4C03-9C5E-37F85A87B144}.Ad-Hoc|iPhoneSimulator.ActiveCfg = Debug|Any CPU
		{B7E336EE-F915-4C03-9C5E-37F85A87B144}.Ad-Hoc|iPhoneSimulator.Build.0 = Debug|Any CPU
		{B7E336EE-F915-4C03-9C5E-37F85A87B144}.Ad-Hoc|iPhoneSimulator.Deploy.0 = Debug|Any CPU
		{B7E336EE-F915-4C03-9C5E-37F85A87B144}.AppStore|Any CPU.ActiveCfg = Debug|Any CPU
		{B7E336EE-F915-4C03-9C5E-37F85A87B144}.AppStore|Any CPU.Build.0 = Debug|Any CPU
		{B7E336EE-F915-4C03-9C5E-37F85A87B144}.AppStore|Any CPU.Deploy.0 = Debug|Any CPU
		{B7E336EE-F915-4C03-9C5E-37F85A87B144}.AppStore|iPhone.ActiveCfg = Debug|Any CPU
		{B7E336EE-F915-4C03-9C5E-37F85A87B144}.AppStore|iPhone.Build.0 = Debug|Any CPU
		{B7E336EE-F915-4C03-9C5E-37F85A87B144}.AppStore|iPhone.Deploy.0 = Debug|Any CPU
		{B7E336EE-F915-4C03-9C5E-37F85A87B144}.AppStore|iPhoneSimulator.ActiveCfg = Debug|Any CPU
		{B7E336EE-F915-4C03-9C5E-37F85A87B144}.AppStore|iPhoneSimulator.Build.0 = Debug|Any CPU
		{B7E336EE-F915-4C03-9C5E-37F85A87B144}.AppStore|iPhoneSimulator.Deploy.0 = Debug|Any CPU
		{B7E336EE-F915-4C03-9C5E-37F85A87B144}.Debug|Any CPU.ActiveCfg = Debug|Any CPU
		{B7E336EE-F915-4C03-9C5E-37F85A87B144}.Debug|Any CPU.Build.0 = Debug|Any CPU
		{B7E336EE-F915-4C03-9C5E-37F85A87B144}.Debug|Any CPU.Deploy.0 = Debug|Any CPU
		{B7E336EE-F915-4C03-9C5E-37F85A87B144}.Debug|iPhone.ActiveCfg = Debug|Any CPU
		{B7E336EE-F915-4C03-9C5E-37F85A87B144}.Debug|iPhone.Build.0 = Debug|Any CPU
		{B7E336EE-F915-4C03-9C5E-37F85A87B144}.Debug|iPhone.Deploy.0 = Debug|Any CPU
		{B7E336EE-F915-4C03-9C5E-37F85A87B144}.Debug|iPhoneSimulator.ActiveCfg = Debug|Any CPU
		{B7E336EE-F915-4C03-9C5E-37F85A87B144}.Debug|iPhoneSimulator.Build.0 = Debug|Any CPU
		{B7E336EE-F915-4C03-9C5E-37F85A87B144}.Debug|iPhoneSimulator.Deploy.0 = Debug|Any CPU
		{B7E336EE-F915-4C03-9C5E-37F85A87B144}.Release|Any CPU.ActiveCfg = Release|Any CPU
		{B7E336EE-F915-4C03-9C5E-37F85A87B144}.Release|Any CPU.Build.0 = Release|Any CPU
		{B7E336EE-F915-4C03-9C5E-37F85A87B144}.Release|Any CPU.Deploy.0 = Release|Any CPU
		{B7E336EE-F915-4C03-9C5E-37F85A87B144}.Release|iPhone.ActiveCfg = Release|Any CPU
		{B7E336EE-F915-4C03-9C5E-37F85A87B144}.Release|iPhone.Build.0 = Release|Any CPU
		{B7E336EE-F915-4C03-9C5E-37F85A87B144}.Release|iPhone.Deploy.0 = Release|Any CPU
		{B7E336EE-F915-4C03-9C5E-37F85A87B144}.Release|iPhoneSimulator.ActiveCfg = Release|Any CPU
		{B7E336EE-F915-4C03-9C5E-37F85A87B144}.Release|iPhoneSimulator.Build.0 = Release|Any CPU
		{B7E336EE-F915-4C03-9C5E-37F85A87B144}.Release|iPhoneSimulator.Deploy.0 = Release|Any CPU
	EndGlobalSection
	GlobalSection(SolutionProperties) = preSolution
		HideSolutionNode = FALSE
	EndGlobalSection
	GlobalSection(ExtensibilityGlobals) = postSolution
		SolutionGuid = {850C6366-4440-4BC8-96C4-779D8E0E1B7C}
	EndGlobalSection
EndGlobal
